{
  "name": "uniapp-radar",
  "lockfileVersion": 2,
  "requires": true,
  "packages": {
    "": {
      "dependencies": {
        "@clunch/radar": "^0.1.0",
        "clunch": "^2.3.6"
      }
    },
    "node_modules/@clunch/radar": {
      "version": "0.1.0",
      "resolved": "https://registry.npmjs.org/@clunch/radar/-/radar-0.1.0.tgz",
      "integrity": "sha512-IGDTcARir59bXao9dOwN/pBLehR/Q/bPmF4yrFWk48nkKsduWj1mT2mo482YFEWCY9xCBx4RTUgUJ+7TebtAXw==",
      "dependencies": {
        "@hai2007/tool": "^0.8.2"
      }
    },
    "node_modules/@clunch/radar/node_modules/@hai2007/tool": {
      "version": "0.8.2",
      "resolved": "https://registry.npmjs.org/@hai2007/tool/-/tool-0.8.2.tgz",
      "integrity": "sha512-7WvPp4Zq/VYesCB3wxJRYDFSEHv15P/H2u1j63HzXZF32iA+ZzH7AZg4mkZNBwLiOmRdWM4S4rnT2h1pM8bvow=="
    },
    "node_modules/@hai2007/algorithm": {
      "version": "0.7.6",
      "resolved": "https://registry.npmjs.org/@hai2007/algorithm/-/algorithm-0.7.6.tgz",
      "integrity": "sha512-mx+8QOnf4yWnpT+z/wW+Wo9D0I2DOqhi/B0O2nwuCPAW861XmlcjAc6k4pBg4uDy/ymg4MhAm94hXklaGackPQ==",
      "dependencies": {
        "@hai2007/tool": "^1.2.0"
      }
    },
    "node_modules/@hai2007/algorithm/node_modules/@hai2007/tool": {
      "version": "1.2.0",
      "resolved": "https://registry.npmjs.org/@hai2007/tool/-/tool-1.2.0.tgz",
      "integrity": "sha512-Bq8hTQz4Bz5zvbfHZMhLmm+NCNVEuYqoYEYmGk4/5LKNkQyO/s8AIygZ7M+R850/hwEO61Vgo0F+In20qOd7uQ=="
    },
    "node_modules/@hai2007/nodejs": {
      "version": "2.3.0",
      "resolved": "https://registry.npmjs.org/@hai2007/nodejs/-/nodejs-2.3.0.tgz",
      "integrity": "sha512-1UkuCaNBjwE4h2QN0m4HyB1muSef3C0Xssg3IDULcSQKKRGkdjL59edi8Kid4otrkSlevwNjSvCssSDHyF8g2A==",
      "dependencies": {
        "@hai2007/tool": "^0.6.1"
      },
      "bin": {
        "nodejs": "bin/run"
      }
    },
    "node_modules/@hai2007/nodejs/node_modules/@hai2007/tool": {
      "version": "0.6.6",
      "resolved": "https://registry.npmjs.org/@hai2007/tool/-/tool-0.6.6.tgz",
      "integrity": "sha512-NY+oSmnB2ihepJBDFw+2S6vUvJ+lj9AtibioWBbkEn2w/QOY+wNKBT1xgg0nstxx5ljWLd2oS9WqOPY/q7rICA=="
    },
    "node_modules/@hai2007/tool": {
      "version": "0.9.3",
      "resolved": "https://registry.npmjs.org/@hai2007/tool/-/tool-0.9.3.tgz",
      "integrity": "sha512-nNoK8T+pPYsAFO1KbnWkKZe5S9SCrLlo46q83+as9KvR63CepTQ0ELCUX5OjfIAuwSzZiZDjYSN6Y/abKS8d8w=="
    },
    "node_modules/clunch": {
      "version": "2.3.6",
      "resolved": "https://registry.npmjs.org/clunch/-/clunch-2.3.6.tgz",
      "integrity": "sha512-JMkI6i68epjMUNvBAQc0ENIDqD0bFPKXHqAXYIPUMW27Z6pe8HUbln4W7jSafenlByZa7tcnHPcdRPJZmofAsA==",
      "dependencies": {
        "@hai2007/algorithm": "^0.7.3",
        "@hai2007/nodejs": "^2.0.1",
        "@hai2007/tool": "^0.9.3"
      },
      "bin": {
        "clunch": "bin/run"
      }
    }
  },
  "dependencies": {
    "@clunch/radar": {
      "version": "0.1.0",
      "resolved": "https://registry.npmjs.org/@clunch/radar/-/radar-0.1.0.tgz",
      "integrity": "sha512-IGDTcARir59bXao9dOwN/pBLehR/Q/bPmF4yrFWk48nkKsduWj1mT2mo482YFEWCY9xCBx4RTUgUJ+7TebtAXw==",
      "requires": {
        "@hai2007/tool": "^0.8.2"
      },
      "dependencies": {
        "@hai2007/tool": {
          "version": "0.8.2",
          "resolved": "https://registry.npmjs.org/@hai2007/tool/-/tool-0.8.2.tgz",
          "integrity": "sha512-7WvPp4Zq/VYesCB3wxJRYDFSEHv15P/H2u1j63HzXZF32iA+ZzH7AZg4mkZNBwLiOmRdWM4S4rnT2h1pM8bvow=="
        }
      }
    },
    "@hai2007/algorithm": {
      "version": "0.7.6",
      "resolved": "https://registry.npmjs.org/@hai2007/algorithm/-/algorithm-0.7.6.tgz",
      "integrity": "sha512-mx+8QOnf4yWnpT+z/wW+Wo9D0I2DOqhi/B0O2nwuCPAW861XmlcjAc6k4pBg4uDy/ymg4MhAm94hXklaGackPQ==",
      "requires": {
        "@hai2007/tool": "^1.2.0"
      },
      "dependencies": {
        "@hai2007/tool": {
          "version": "1.2.0",
          "resolved": "https://registry.npmjs.org/@hai2007/tool/-/tool-1.2.0.tgz",
          "integrity": "sha512-Bq8hTQz4Bz5zvbfHZMhLmm+NCNVEuYqoYEYmGk4/5LKNkQyO/s8AIygZ7M+R850/hwEO61Vgo0F+In20qOd7uQ=="
        }
      }
    },
    "@hai2007/nodejs": {
      "version": "2.3.0",
      "resolved": "https://registry.npmjs.org/@hai2007/nodejs/-/nodejs-2.3.0.tgz",
      "integrity": "sha512-1UkuCaNBjwE4h2QN0m4HyB1muSef3C0Xssg3IDULcSQKKRGkdjL59edi8Kid4otrkSlevwNjSvCssSDHyF8g2A==",
      "requires": {
        "@hai2007/tool": "^0.6.1"
      },
      "dependencies": {
        "@hai2007/tool": {
          "version": "0.6.6",
          "resolved": "https://registry.npmjs.org/@hai2007/tool/-/tool-0.6.6.tgz",
          "integrity": "sha512-NY+oSmnB2ihepJBDFw+2S6vUvJ+lj9AtibioWBbkEn2w/QOY+wNKBT1xgg0nstxx5ljWLd2oS9WqOPY/q7rICA=="
        }
      }
    },
    "@hai2007/tool": {
      "version": "0.9.3",
      "resolved": "https://registry.npmjs.org/@hai2007/tool/-/tool-0.9.3.tgz",
      "integrity": "sha512-nNoK8T+pPYsAFO1KbnWkKZe5S9SCrLlo46q83+as9KvR63CepTQ0ELCUX5OjfIAuwSzZiZDjYSN6Y/abKS8d8w=="
    },
    "clunch": {
      "version": "2.3.6",
      "resolved": "https://registry.npmjs.org/clunch/-/clunch-2.3.6.tgz",
      "integrity": "sha512-JMkI6i68epjMUNvBAQc0ENIDqD0bFPKXHqAXYIPUMW27Z6pe8HUbln4W7jSafenlByZa7tcnHPcdRPJZmofAsA==",
      "requires": {
        "@hai2007/algorithm": "^0.7.3",
        "@hai2007/nodejs": "^2.0.1",
        "@hai2007/tool": "^0.9.3"
      }
    }
  }
}
